
Microsoft Visual Studio Solution File, Format Version 12.00
# Visual Studio Version 16
VisualStudioVersion = 16.0.30011.22
MinimumVisualStudioVersion = 10.0.40219.1
Project("{FAE04EC0-301F-11D3-BF4B-00C04F79EFBC}") = "BackEnd.Web", "BackEnd.Web\BackEnd.Web.csproj", "{13AE26E3-A492-49BA-B9B5-691761E48019}"
EndProject
Project("{FAE04EC0-301F-11D3-BF4B-00C04F79EFBC}") = "BackEnd.Core", "BackEnd.Core\BackEnd.Core.csproj", "{31BB4E8A-8382-47DD-BA63-DF98C35E7421}"
EndProject
Project("{FAE04EC0-301F-11D3-BF4B-00C04F79EFBC}") = "BackEnd.DataLayer", "BackEnd.DataLayer\BackEnd.DataLayer.csproj", "{429ADA17-1BC1-4942-B612-B6E8417222CA}"
EndProject
Global
	GlobalSection(SolutionConfigurationPlatforms) = preSolution
		Debug|Any CPU = Debug|Any CPU
		Release|Any CPU = Release|Any CPU
	EndGlobalSection
	GlobalSection(ProjectConfigurationPlatforms) = postSolution
		{13AE26E3-A492-49BA-B9B5-691761E48019}.Debug|Any CPU.ActiveCfg = Debug|Any CPU
		{13AE26E3-A492-49BA-B9B5-691761E48019}.Debug|Any CPU.Build.0 = Debug|Any CPU
		{13AE26E3-A492-49BA-B9B5-691761E48019}.Release|Any CPU.ActiveCfg = Release|Any CPU
		{13AE26E3-A492-49BA-B9B5-691761E48019}.Release|Any CPU.Build.0 = Release|Any CPU
		{31BB4E8A-8382-47DD-BA63-DF98C35E7421}.Debug|Any CPU.ActiveCfg = Debug|Any CPU
		{31BB4E8A-8382-47DD-BA63-DF98C35E7421}.Debug|Any CPU.Build.0 = Debug|Any CPU
		{31BB4E8A-8382-47DD-BA63-DF98C35E7421}.Release|Any CPU.ActiveCfg = Release|Any CPU
		{31BB4E8A-8382-47DD-BA63-DF98C35E7421}.Release|Any CPU.Build.0 = Release|Any CPU
		{429ADA17-1BC1-4942-B612-B6E8417222CA}.Debug|Any CPU.ActiveCfg = Debug|Any CPU
		{429ADA17-1BC1-4942-B612-B6E8417222CA}.Debug|Any CPU.Build.0 = Debug|Any CPU
		{429ADA17-1BC1-4942-B612-B6E8417222CA}.Release|Any CPU.ActiveCfg = Release|Any CPU
		{429ADA17-1BC1-4942-B612-B6E8417222CA}.Release|Any CPU.Build.0 = Release|Any CPU
	EndGlobalSection
	GlobalSection(SolutionProperties) = preSolution
		HideSolutionNode = FALSE
	EndGlobalSection
	GlobalSection(ExtensibilityGlobals) = postSolution
		SolutionGuid = {81EAAAF6-AF3D-46F7-B0C0-21D349F72FD8}
	EndGlobalSection
EndGlobal
